
Microsoft Visual Studio Solution File, Format Version 12.00
# Visual Studio 15
VisualStudioVersion = 15.0.27428.2011
MinimumVisualStudioVersion = 10.0.40219.1
Project("{FAE04EC0-301F-11D3-BF4B-00C04F79EFBC}") = "NeuralNetwork", "NeuralNetwork\NeuralNetwork.csproj", "{FA5BFD57-89C3-414C-98B8-7009716DEA40}"
EndProject
Global
	GlobalSection(SolutionConfigurationPlatforms) = preSolution
		Debug|Any CPU = Debug|Any CPU
		Release|Any CPU = Release|Any CPU
	EndGlobalSection
	GlobalSection(ProjectConfigurationPlatforms) = postSolution
		{FA5BFD57-89C3-414C-98B8-7009716DEA40}.Debug|Any CPU.ActiveCfg = Debug|Any CPU
		{FA5BFD57-89C3-414C-98B8-7009716DEA40}.Debug|Any CPU.Build.0 = Debug|Any CPU
		{FA5BFD57-89C3-414C-98B8-7009716DEA40}.Release|Any CPU.ActiveCfg = Release|Any CPU
		{FA5BFD57-89C3-414C-98B8-7009716DEA40}.Release|Any CPU.Build.0 = Release|Any CPU
	EndGlobalSection
	GlobalSection(SolutionProperties) = preSolution
		HideSolutionNode = FALSE
	EndGlobalSection
	GlobalSection(ExtensibilityGlobals) = postSolution
		SolutionGuid = {874300FC-B77A-4BB7-92A9-6CB68B262D9D}
	EndGlobalSection
EndGlobal
